// !$*UTF8*$!
{
	archiveVersion = 1;
	classes = {
	};
	objectVersion = 55;
	objects = {

/* Begin PBXBuildFile section */
		0A04AB60297FC7200003877D /* Assembly.swift in Sources */ = {isa = PBXBuildFile; fileRef = 0A04AB5F297FC7200003877D /* Assembly.swift */; };
		0A04AB66297FC74C0003877D /* RootCoordinator.swift in Sources */ = {isa = PBXBuildFile; fileRef = 0A04AB65297FC74C0003877D /* RootCoordinator.swift */; };
		0A21185128AFFC380088E94F /* PostTape.swift in Sources */ = {isa = PBXBuildFile; fileRef = 0A21185028AFFC380088E94F /* PostTape.swift */; };
		0A21185328B02AFF0088E94F /* ProfileTableHeaderView.swift in Sources */ = {isa = PBXBuildFile; fileRef = 0A21185228B02AFF0088E94F /* ProfileTableHeaderView.swift */; };
		0A21185528B031F30088E94F /* PostTableViewCell.swift in Sources */ = {isa = PBXBuildFile; fileRef = 0A21185428B031F30088E94F /* PostTableViewCell.swift */; };
		0A21185728B520710088E94F /* PhotosTableViewCell.swift in Sources */ = {isa = PBXBuildFile; fileRef = 0A21185628B520710088E94F /* PhotosTableViewCell.swift */; };
		0A21185928B520DA0088E94F /* PhotosViewController.swift in Sources */ = {isa = PBXBuildFile; fileRef = 0A21185828B520DA0088E94F /* PhotosViewController.swift */; };
		0A21185B28B5211C0088E94F /* PhotosCollectionViewCell.swift in Sources */ = {isa = PBXBuildFile; fileRef = 0A21185A28B5211C0088E94F /* PhotosCollectionViewCell.swift */; };
		0A21185D28B537340088E94F /* AllPhotos.swift in Sources */ = {isa = PBXBuildFile; fileRef = 0A21185C28B537340088E94F /* AllPhotos.swift */; };
		0A27BE3929B13D150070BF48 /* PhotosViewModel.swift in Sources */ = {isa = PBXBuildFile; fileRef = 0A27BE3829B13D150070BF48 /* PhotosViewModel.swift */; };
		0A27BE3B29B147B40070BF48 /* GoogleService-Info.plist in Resources */ = {isa = PBXBuildFile; fileRef = 0A27BE3A29B147B40070BF48 /* GoogleService-Info.plist */; };
		0A27BE3C29B147B40070BF48 /* GoogleService-Info.plist in Resources */ = {isa = PBXBuildFile; fileRef = 0A27BE3A29B147B40070BF48 /* GoogleService-Info.plist */; };
		0A5120F929793D9C005565A0 /* LoginFactory.swift in Sources */ = {isa = PBXBuildFile; fileRef = 0A5120F829793D9C005565A0 /* LoginFactory.swift */; };
		0A5120FB29793F1A005565A0 /* Checker.swift in Sources */ = {isa = PBXBuildFile; fileRef = 0A5120FA29793F1A005565A0 /* Checker.swift */; };
		0A512101297C5832005565A0 /* iOSIntPackage in Frameworks */ = {isa = PBXBuildFile; productRef = 0A512100297C5832005565A0 /* iOSIntPackage */; };
		0A512106297D4DAD005565A0 /* CustomButton.swift in Sources */ = {isa = PBXBuildFile; fileRef = 0A512105297D4DAD005565A0 /* CustomButton.swift */; };
		0A512108297E7BA4005565A0 /* FeedModel.swift in Sources */ = {isa = PBXBuildFile; fileRef = 0A512107297E7BA4005565A0 /* FeedModel.swift */; };
		0A540A1129BA643A0071FCC7 /* RealmCore in Frameworks */ = {isa = PBXBuildFile; productRef = 0A540A1029BA643A0071FCC7 /* RealmCore */; };
		0A540A1429BA64770071FCC7 /* Realm in Frameworks */ = {isa = PBXBuildFile; productRef = 0A540A1329BA64770071FCC7 /* Realm */; };
		0A540A1629BA64770071FCC7 /* RealmSwift in Frameworks */ = {isa = PBXBuildFile; productRef = 0A540A1529BA64770071FCC7 /* RealmSwift */; };
		0A540A1829BA64CC0071FCC7 /* UserModel.swift in Sources */ = {isa = PBXBuildFile; fileRef = 0A540A1729BA64CC0071FCC7 /* UserModel.swift */; };
		0A65DD312862634200B03691 /* AppDelegate.swift in Sources */ = {isa = PBXBuildFile; fileRef = 0A65DD302862634200B03691 /* AppDelegate.swift */; };
		0A65DD332862634200B03691 /* SceneDelegate.swift in Sources */ = {isa = PBXBuildFile; fileRef = 0A65DD322862634200B03691 /* SceneDelegate.swift */; };
		0A65DD3A2862634300B03691 /* Assets.xcassets in Resources */ = {isa = PBXBuildFile; fileRef = 0A65DD392862634300B03691 /* Assets.xcassets */; };
		0A65DD3D2862634300B03691 /* LaunchScreen.storyboard in Resources */ = {isa = PBXBuildFile; fileRef = 0A65DD3B2862634300B03691 /* LaunchScreen.storyboard */; };
		0A6C4FD1290055E400B11409 /* User.swift in Sources */ = {isa = PBXBuildFile; fileRef = 0A6C4FD0290055E400B11409 /* User.swift */; };
		0A6C4FD32900565500B11409 /* CurrentUserService.swift in Sources */ = {isa = PBXBuildFile; fileRef = 0A6C4FD22900565500B11409 /* CurrentUserService.swift */; };
		0A6C4FD52900567A00B11409 /* TestUserService.swift in Sources */ = {isa = PBXBuildFile; fileRef = 0A6C4FD42900567A00B11409 /* TestUserService.swift */; };
		0A713E352994DA4900B56386 /* NetworkManager.swift in Sources */ = {isa = PBXBuildFile; fileRef = 0A713E342994DA4900B56386 /* NetworkManager.swift */; };
		0A713E38299BEF6D00B56386 /* JSON.swift in Sources */ = {isa = PBXBuildFile; fileRef = 0A713E37299BEF6D00B56386 /* JSON.swift */; };
		0A7CAA4F298182F100637A7E /* Minor.mp3 in Resources */ = {isa = PBXBuildFile; fileRef = 0A7CAA4C298182F000637A7E /* Minor.mp3 */; };
		0A7CAA50298182F100637A7E /* Captain.mp3 in Resources */ = {isa = PBXBuildFile; fileRef = 0A7CAA4D298182F100637A7E /* Captain.mp3 */; };
		0A7CAA51298182F100637A7E /* Polovina_moya.mp3 in Resources */ = {isa = PBXBuildFile; fileRef = 0A7CAA4E298182F100637A7E /* Polovina_moya.mp3 */; };
		0A7CAA592981AADF00637A7E /* Marlboro.mp3 in Resources */ = {isa = PBXBuildFile; fileRef = 0A7CAA582981AADF00637A7E /* Marlboro.mp3 */; };
		0A7CAA5D2981AB9E00637A7E /* Samurajj.mp3 in Resources */ = {isa = PBXBuildFile; fileRef = 0A7CAA5C2981AB9E00637A7E /* Samurajj.mp3 */; };
		0A7CAA5F2981BD6000637A7E /* AppCoordinator.swift in Sources */ = {isa = PBXBuildFile; fileRef = 0A7CAA5E2981BD6000637A7E /* AppCoordinator.swift */; };
		0A7CAA612981BE0E00637A7E /* FeedOutput.swift in Sources */ = {isa = PBXBuildFile; fileRef = 0A7CAA602981BE0E00637A7E /* FeedOutput.swift */; };
		0A7CAA642981BE6A00637A7E /* FeedCoordinator.swift in Sources */ = {isa = PBXBuildFile; fileRef = 0A7CAA632981BE6A00637A7E /* FeedCoordinator.swift */; };
		0A7CAA682981C13A00637A7E /* ProfileCoordinator.swift in Sources */ = {isa = PBXBuildFile; fileRef = 0A7CAA672981C13A00637A7E /* ProfileCoordinator.swift */; };
		0A7CAA6A2981C3F600637A7E /* ProfileViewModel.swift in Sources */ = {isa = PBXBuildFile; fileRef = 0A7CAA692981C3F600637A7E /* ProfileViewModel.swift */; };
		0A7CAA6C2982503100637A7E /* ProfileOutput.swift in Sources */ = {isa = PBXBuildFile; fileRef = 0A7CAA6B2982503100637A7E /* ProfileOutput.swift */; };
		0A96D27428F07C5A00A1025C /* StorageService.h in Headers */ = {isa = PBXBuildFile; fileRef = 0A96D27328F07C5A00A1025C /* StorageService.h */; settings = {ATTRIBUTES = (Public, ); }; };
		0A96D27728F07C5A00A1025C /* StorageService.framework in Frameworks */ = {isa = PBXBuildFile; fileRef = 0A96D27128F07C5A00A1025C /* StorageService.framework */; };
		0A96D27828F07C5A00A1025C /* StorageService.framework in Embed Frameworks */ = {isa = PBXBuildFile; fileRef = 0A96D27128F07C5A00A1025C /* StorageService.framework */; settings = {ATTRIBUTES = (CodeSignOnCopy, RemoveHeadersOnCopy, ); }; };
		0A96D27C28F07C6000A1025C /* Post.swift in Sources */ = {isa = PBXBuildFile; fileRef = 0ADE5AD528944A9D00DEBC90 /* Post.swift */; };
		0A9B500428A83D23001CF929 /* LogInViewController.swift in Sources */ = {isa = PBXBuildFile; fileRef = 0A9B500328A83D23001CF929 /* LogInViewController.swift */; };
		0A9B500628A8FA10001CF929 /* CustButton.swift in Sources */ = {isa = PBXBuildFile; fileRef = 0A9B500528A8FA10001CF929 /* CustButton.swift */; };
		0AB9402F2891E49E0040932D /* PostViewController.swift in Sources */ = {isa = PBXBuildFile; fileRef = 0AB9402E2891E49E0040932D /* PostViewController.swift */; };
		0AB940312891E4F00040932D /* FeedViewController.swift in Sources */ = {isa = PBXBuildFile; fileRef = 0AB940302891E4F00040932D /* FeedViewController.swift */; };
		0AB940332891E5110040932D /* ProfileViewController.swift in Sources */ = {isa = PBXBuildFile; fileRef = 0AB940322891E5110040932D /* ProfileViewController.swift */; };
		0ADE5AD428932C8B00DEBC90 /* InfoViewController.swift in Sources */ = {isa = PBXBuildFile; fileRef = 0ADE5AD328932C8B00DEBC90 /* InfoViewController.swift */; };
		0ADE5AD9289ACDC200DEBC90 /* ProfileHeaderView.swift in Sources */ = {isa = PBXBuildFile; fileRef = 0ADE5AD8289ACDC200DEBC90 /* ProfileHeaderView.swift */; };
		0AE6192D29A77B7200B26E27 /* CheckerServer.swift in Sources */ = {isa = PBXBuildFile; fileRef = 0AE6192C29A77B7200B26E27 /* CheckerServer.swift */; };
		0AE6193029A80E0100B26E27 /* FirebaseAnalytics in Frameworks */ = {isa = PBXBuildFile; productRef = 0AE6192F29A80E0100B26E27 /* FirebaseAnalytics */; };
		0AE6193229A80E0100B26E27 /* FirebaseAnalyticsSwift in Frameworks */ = {isa = PBXBuildFile; productRef = 0AE6193129A80E0100B26E27 /* FirebaseAnalyticsSwift */; };
		0AE6193429A80E0100B26E27 /* FirebaseAppCheck in Frameworks */ = {isa = PBXBuildFile; productRef = 0AE6193329A80E0100B26E27 /* FirebaseAppCheck */; };
		0AE6193629A80E0100B26E27 /* FirebaseAuth in Frameworks */ = {isa = PBXBuildFile; productRef = 0AE6193529A80E0100B26E27 /* FirebaseAuth */; };
		0AE6193829A80E0100B26E27 /* FirebaseAuthCombine-Community in Frameworks */ = {isa = PBXBuildFile; productRef = 0AE6193729A80E0100B26E27 /* FirebaseAuthCombine-Community */; };
		995E3CFC7B364B4849557EC3 /* Pods_Navigation.framework in Frameworks */ = {isa = PBXBuildFile; fileRef = BE280F7FA50C446819905804 /* Pods_Navigation.framework */; };
		FC1CEBC8EF5BDE7499C470A1 /* Pods_StorageService.framework in Frameworks */ = {isa = PBXBuildFile; fileRef = CE857F80784FB1C206C34D03 /* Pods_StorageService.framework */; };
/* End PBXBuildFile section */

/* Begin PBXContainerItemProxy section */
		0A96D27528F07C5A00A1025C /* PBXContainerItemProxy */ = {
			isa = PBXContainerItemProxy;
			containerPortal = 0A65DD252862634200B03691 /* Project object */;
			proxyType = 1;
			remoteGlobalIDString = 0A96D27028F07C5A00A1025C;
			remoteInfo = StorageService;
		};
/* End PBXContainerItemProxy section */

/* Begin PBXCopyFilesBuildPhase section */
		0A96D26628F07BD800A1025C /* Embed Frameworks */ = {
			isa = PBXCopyFilesBuildPhase;
			buildActionMask = 2147483647;
			dstPath = "";
			dstSubfolderSpec = 10;
			files = (
				0A96D27828F07C5A00A1025C /* StorageService.framework in Embed Frameworks */,
			);
			name = "Embed Frameworks";
			runOnlyForDeploymentPostprocessing = 0;
		};
/* End PBXCopyFilesBuildPhase section */

/* Begin PBXFileReference section */
		0A04AB5F297FC7200003877D /* Assembly.swift */ = {isa = PBXFileReference; lastKnownFileType = sourcecode.swift; path = Assembly.swift; sourceTree = "<group>"; };
		0A04AB65297FC74C0003877D /* RootCoordinator.swift */ = {isa = PBXFileReference; lastKnownFileType = sourcecode.swift; path = RootCoordinator.swift; sourceTree = "<group>"; };
		0A21185028AFFC380088E94F /* PostTape.swift */ = {isa = PBXFileReference; lastKnownFileType = sourcecode.swift; path = PostTape.swift; sourceTree = "<group>"; };
		0A21185228B02AFF0088E94F /* ProfileTableHeaderView.swift */ = {isa = PBXFileReference; lastKnownFileType = sourcecode.swift; path = ProfileTableHeaderView.swift; sourceTree = "<group>"; };
		0A21185428B031F30088E94F /* PostTableViewCell.swift */ = {isa = PBXFileReference; lastKnownFileType = sourcecode.swift; path = PostTableViewCell.swift; sourceTree = "<group>"; };
		0A21185628B520710088E94F /* PhotosTableViewCell.swift */ = {isa = PBXFileReference; lastKnownFileType = sourcecode.swift; path = PhotosTableViewCell.swift; sourceTree = "<group>"; };
		0A21185828B520DA0088E94F /* PhotosViewController.swift */ = {isa = PBXFileReference; lastKnownFileType = sourcecode.swift; path = PhotosViewController.swift; sourceTree = "<group>"; };
		0A21185A28B5211C0088E94F /* PhotosCollectionViewCell.swift */ = {isa = PBXFileReference; lastKnownFileType = sourcecode.swift; path = PhotosCollectionViewCell.swift; sourceTree = "<group>"; };
		0A21185C28B537340088E94F /* AllPhotos.swift */ = {isa = PBXFileReference; lastKnownFileType = sourcecode.swift; path = AllPhotos.swift; sourceTree = "<group>"; };
		0A27BE3829B13D150070BF48 /* PhotosViewModel.swift */ = {isa = PBXFileReference; lastKnownFileType = sourcecode.swift; path = PhotosViewModel.swift; sourceTree = "<group>"; };
		0A27BE3A29B147B40070BF48 /* GoogleService-Info.plist */ = {isa = PBXFileReference; fileEncoding = 4; lastKnownFileType = text.plist.xml; path = "GoogleService-Info.plist"; sourceTree = "<group>"; };
		0A5120F829793D9C005565A0 /* LoginFactory.swift */ = {isa = PBXFileReference; lastKnownFileType = sourcecode.swift; path = LoginFactory.swift; sourceTree = "<group>"; };
		0A5120FA29793F1A005565A0 /* Checker.swift */ = {isa = PBXFileReference; lastKnownFileType = sourcecode.swift; path = Checker.swift; sourceTree = "<group>"; };
		0A512105297D4DAD005565A0 /* CustomButton.swift */ = {isa = PBXFileReference; lastKnownFileType = sourcecode.swift; path = CustomButton.swift; sourceTree = "<group>"; };
		0A512107297E7BA4005565A0 /* FeedModel.swift */ = {isa = PBXFileReference; lastKnownFileType = sourcecode.swift; path = FeedModel.swift; sourceTree = "<group>"; };
		0A540A1729BA64CC0071FCC7 /* UserModel.swift */ = {isa = PBXFileReference; lastKnownFileType = sourcecode.swift; path = UserModel.swift; sourceTree = "<group>"; };
		0A65DD2D2862634200B03691 /* Navigation.app */ = {isa = PBXFileReference; explicitFileType = wrapper.application; includeInIndex = 0; path = Navigation.app; sourceTree = BUILT_PRODUCTS_DIR; };
		0A65DD302862634200B03691 /* AppDelegate.swift */ = {isa = PBXFileReference; lastKnownFileType = sourcecode.swift; path = AppDelegate.swift; sourceTree = "<group>"; };
		0A65DD322862634200B03691 /* SceneDelegate.swift */ = {isa = PBXFileReference; lastKnownFileType = sourcecode.swift; path = SceneDelegate.swift; sourceTree = "<group>"; };
		0A65DD392862634300B03691 /* Assets.xcassets */ = {isa = PBXFileReference; lastKnownFileType = folder.assetcatalog; path = Assets.xcassets; sourceTree = "<group>"; };
		0A65DD3C2862634300B03691 /* Base */ = {isa = PBXFileReference; lastKnownFileType = file.storyboard; name = Base; path = Base.lproj/LaunchScreen.storyboard; sourceTree = "<group>"; };
		0A65DD3E2862634300B03691 /* Info.plist */ = {isa = PBXFileReference; lastKnownFileType = text.plist.xml; path = Info.plist; sourceTree = "<group>"; };
		0A6C4FD0290055E400B11409 /* User.swift */ = {isa = PBXFileReference; lastKnownFileType = sourcecode.swift; path = User.swift; sourceTree = "<group>"; };
		0A6C4FD22900565500B11409 /* CurrentUserService.swift */ = {isa = PBXFileReference; lastKnownFileType = sourcecode.swift; path = CurrentUserService.swift; sourceTree = "<group>"; };
		0A6C4FD42900567A00B11409 /* TestUserService.swift */ = {isa = PBXFileReference; lastKnownFileType = sourcecode.swift; path = TestUserService.swift; sourceTree = "<group>"; };
		0A713E342994DA4900B56386 /* NetworkManager.swift */ = {isa = PBXFileReference; lastKnownFileType = sourcecode.swift; path = NetworkManager.swift; sourceTree = "<group>"; };
		0A713E37299BEF6D00B56386 /* JSON.swift */ = {isa = PBXFileReference; lastKnownFileType = sourcecode.swift; path = JSON.swift; sourceTree = "<group>"; };
		0A7CAA4C298182F000637A7E /* Minor.mp3 */ = {isa = PBXFileReference; lastKnownFileType = audio.mp3; path = Minor.mp3; sourceTree = "<group>"; };
		0A7CAA4D298182F100637A7E /* Captain.mp3 */ = {isa = PBXFileReference; lastKnownFileType = audio.mp3; path = Captain.mp3; sourceTree = "<group>"; };
		0A7CAA4E298182F100637A7E /* Polovina_moya.mp3 */ = {isa = PBXFileReference; lastKnownFileType = audio.mp3; path = Polovina_moya.mp3; sourceTree = "<group>"; };
		0A7CAA582981AADF00637A7E /* Marlboro.mp3 */ = {isa = PBXFileReference; lastKnownFileType = audio.mp3; path = Marlboro.mp3; sourceTree = "<group>"; };
		0A7CAA5C2981AB9E00637A7E /* Samurajj.mp3 */ = {isa = PBXFileReference; lastKnownFileType = audio.mp3; path = Samurajj.mp3; sourceTree = "<group>"; };
		0A7CAA5E2981BD6000637A7E /* AppCoordinator.swift */ = {isa = PBXFileReference; lastKnownFileType = sourcecode.swift; path = AppCoordinator.swift; sourceTree = "<group>"; };
		0A7CAA602981BE0E00637A7E /* FeedOutput.swift */ = {isa = PBXFileReference; lastKnownFileType = sourcecode.swift; path = FeedOutput.swift; sourceTree = "<group>"; };
		0A7CAA632981BE6A00637A7E /* FeedCoordinator.swift */ = {isa = PBXFileReference; lastKnownFileType = sourcecode.swift; path = FeedCoordinator.swift; sourceTree = "<group>"; };
		0A7CAA672981C13A00637A7E /* ProfileCoordinator.swift */ = {isa = PBXFileReference; lastKnownFileType = sourcecode.swift; path = ProfileCoordinator.swift; sourceTree = "<group>"; };
		0A7CAA692981C3F600637A7E /* ProfileViewModel.swift */ = {isa = PBXFileReference; lastKnownFileType = sourcecode.swift; path = ProfileViewModel.swift; sourceTree = "<group>"; };
		0A7CAA6B2982503100637A7E /* ProfileOutput.swift */ = {isa = PBXFileReference; lastKnownFileType = sourcecode.swift; path = ProfileOutput.swift; sourceTree = "<group>"; };
		0A96D27128F07C5A00A1025C /* StorageService.framework */ = {isa = PBXFileReference; explicitFileType = wrapper.framework; includeInIndex = 0; path = StorageService.framework; sourceTree = BUILT_PRODUCTS_DIR; };
		0A96D27328F07C5A00A1025C /* StorageService.h */ = {isa = PBXFileReference; lastKnownFileType = sourcecode.c.h; path = StorageService.h; sourceTree = "<group>"; };
		0A9B500328A83D23001CF929 /* LogInViewController.swift */ = {isa = PBXFileReference; lastKnownFileType = sourcecode.swift; path = LogInViewController.swift; sourceTree = "<group>"; };
		0A9B500528A8FA10001CF929 /* CustButton.swift */ = {isa = PBXFileReference; lastKnownFileType = sourcecode.swift; path = CustButton.swift; sourceTree = "<group>"; };
		0AB9402E2891E49E0040932D /* PostViewController.swift */ = {isa = PBXFileReference; lastKnownFileType = sourcecode.swift; path = PostViewController.swift; sourceTree = "<group>"; };
		0AB940302891E4F00040932D /* FeedViewController.swift */ = {isa = PBXFileReference; lastKnownFileType = sourcecode.swift; path = FeedViewController.swift; sourceTree = "<group>"; };
		0AB940322891E5110040932D /* ProfileViewController.swift */ = {isa = PBXFileReference; lastKnownFileType = sourcecode.swift; path = ProfileViewController.swift; sourceTree = "<group>"; };
		0ADE5AD328932C8B00DEBC90 /* InfoViewController.swift */ = {isa = PBXFileReference; lastKnownFileType = sourcecode.swift; path = InfoViewController.swift; sourceTree = "<group>"; };
		0ADE5AD528944A9D00DEBC90 /* Post.swift */ = {isa = PBXFileReference; lastKnownFileType = sourcecode.swift; path = Post.swift; sourceTree = "<group>"; };
		0ADE5AD8289ACDC200DEBC90 /* ProfileHeaderView.swift */ = {isa = PBXFileReference; lastKnownFileType = sourcecode.swift; path = ProfileHeaderView.swift; sourceTree = "<group>"; };
		0AE6192C29A77B7200B26E27 /* CheckerServer.swift */ = {isa = PBXFileReference; lastKnownFileType = sourcecode.swift; path = CheckerServer.swift; sourceTree = "<group>"; };
		9E23AFD969E5C19D2B53B328 /* Pods-Navigation.debug.xcconfig */ = {isa = PBXFileReference; includeInIndex = 1; lastKnownFileType = text.xcconfig; name = "Pods-Navigation.debug.xcconfig"; path = "Target Support Files/Pods-Navigation/Pods-Navigation.debug.xcconfig"; sourceTree = "<group>"; };
		B31EF434FEF9073FC89BB1B8 /* Pods-StorageService.debug.xcconfig */ = {isa = PBXFileReference; includeInIndex = 1; lastKnownFileType = text.xcconfig; name = "Pods-StorageService.debug.xcconfig"; path = "Target Support Files/Pods-StorageService/Pods-StorageService.debug.xcconfig"; sourceTree = "<group>"; };
		B4D9543F9668672CC441EBAC /* Pods-StorageService.release.xcconfig */ = {isa = PBXFileReference; includeInIndex = 1; lastKnownFileType = text.xcconfig; name = "Pods-StorageService.release.xcconfig"; path = "Target Support Files/Pods-StorageService/Pods-StorageService.release.xcconfig"; sourceTree = "<group>"; };
		BE280F7FA50C446819905804 /* Pods_Navigation.framework */ = {isa = PBXFileReference; explicitFileType = wrapper.framework; includeInIndex = 0; path = Pods_Navigation.framework; sourceTree = BUILT_PRODUCTS_DIR; };
		CE857F80784FB1C206C34D03 /* Pods_StorageService.framework */ = {isa = PBXFileReference; explicitFileType = wrapper.framework; includeInIndex = 0; path = Pods_StorageService.framework; sourceTree = BUILT_PRODUCTS_DIR; };
		FBE8FBE21C6D78D0A3F5C917 /* Pods-Navigation.release.xcconfig */ = {isa = PBXFileReference; includeInIndex = 1; lastKnownFileType = text.xcconfig; name = "Pods-Navigation.release.xcconfig"; path = "Target Support Files/Pods-Navigation/Pods-Navigation.release.xcconfig"; sourceTree = "<group>"; };
/* End PBXFileReference section */

/* Begin PBXFrameworksBuildPhase section */
		0A65DD2A2862634200B03691 /* Frameworks */ = {
			isa = PBXFrameworksBuildPhase;
			buildActionMask = 2147483647;
			files = (
				0A512101297C5832005565A0 /* iOSIntPackage in Frameworks */,
				0A96D27728F07C5A00A1025C /* StorageService.framework in Frameworks */,
				0AE6193029A80E0100B26E27 /* FirebaseAnalytics in Frameworks */,
				995E3CFC7B364B4849557EC3 /* Pods_Navigation.framework in Frameworks */,
				0A540A1429BA64770071FCC7 /* Realm in Frameworks */,
				0AE6193429A80E0100B26E27 /* FirebaseAppCheck in Frameworks */,
				0AE6193629A80E0100B26E27 /* FirebaseAuth in Frameworks */,
				0AE6193229A80E0100B26E27 /* FirebaseAnalyticsSwift in Frameworks */,
				0A540A1629BA64770071FCC7 /* RealmSwift in Frameworks */,
				0AE6193829A80E0100B26E27 /* FirebaseAuthCombine-Community in Frameworks */,
				0A540A1129BA643A0071FCC7 /* RealmCore in Frameworks */,
			);
			runOnlyForDeploymentPostprocessing = 0;
		};
		0A96D26E28F07C5A00A1025C /* Frameworks */ = {
			isa = PBXFrameworksBuildPhase;
			buildActionMask = 2147483647;
			files = (
				FC1CEBC8EF5BDE7499C470A1 /* Pods_StorageService.framework in Frameworks */,
			);
			runOnlyForDeploymentPostprocessing = 0;
		};
/* End PBXFrameworksBuildPhase section */

/* Begin PBXGroup section */
		0A04AB5E297FC6F40003877D /* Сoordinator */ = {
			isa = PBXGroup;
			children = (
				0A7CAA5E2981BD6000637A7E /* AppCoordinator.swift */,
				0A04AB5F297FC7200003877D /* Assembly.swift */,
				0A04AB65297FC74C0003877D /* RootCoordinator.swift */,
				0A713E342994DA4900B56386 /* NetworkManager.swift */,
				0A713E37299BEF6D00B56386 /* JSON.swift */,
				0AE6192C29A77B7200B26E27 /* CheckerServer.swift */,
			);
			path = "Сoordinator";
			sourceTree = "<group>";
		};
		0A512102297D46D2005565A0 /* Post */ = {
			isa = PBXGroup;
			children = (
				0AB940302891E4F00040932D /* FeedViewController.swift */,
				0ADE5AD328932C8B00DEBC90 /* InfoViewController.swift */,
				0AB9402E2891E49E0040932D /* PostViewController.swift */,
				0A21185028AFFC380088E94F /* PostTape.swift */,
				0A512107297E7BA4005565A0 /* FeedModel.swift */,
				0A7CAA602981BE0E00637A7E /* FeedOutput.swift */,
				0A7CAA632981BE6A00637A7E /* FeedCoordinator.swift */,
			);
			path = Post;
			sourceTree = "<group>";
		};
		0A512104297D4715005565A0 /* Photo */ = {
			isa = PBXGroup;
			children = (
				0A21185C28B537340088E94F /* AllPhotos.swift */,
				0A21185628B520710088E94F /* PhotosTableViewCell.swift */,
				0A21185828B520DA0088E94F /* PhotosViewController.swift */,
				0A21185A28B5211C0088E94F /* PhotosCollectionViewCell.swift */,
				0A27BE3829B13D150070BF48 /* PhotosViewModel.swift */,
			);
			path = Photo;
			sourceTree = "<group>";
		};
		0A65DD242862634200B03691 = {
			isa = PBXGroup;
			children = (
				0A65DD2F2862634200B03691 /* Navigation */,
				0A96D27228F07C5A00A1025C /* StorageService */,
				0A65DD2E2862634200B03691 /* Products */,
				CFE63D78AA408560564F5488 /* Pods */,
				1B7757AE4B9E98BE33083C83 /* Frameworks */,
			);
			sourceTree = "<group>";
		};
		0A65DD2E2862634200B03691 /* Products */ = {
			isa = PBXGroup;
			children = (
				0A65DD2D2862634200B03691 /* Navigation.app */,
				0A96D27128F07C5A00A1025C /* StorageService.framework */,
			);
			name = Products;
			sourceTree = "<group>";
		};
		0A65DD2F2862634200B03691 /* Navigation */ = {
			isa = PBXGroup;
			children = (
				0A04AB5E297FC6F40003877D /* Сoordinator */,
				0A65DD322862634200B03691 /* SceneDelegate.swift */,
				0A65DD302862634200B03691 /* AppDelegate.swift */,
				0A6C4FCF2900558700B11409 /* UserAuto */,
				0ADE5AD7289ACD6800DEBC90 /* Profile */,
				0A65DD392862634300B03691 /* Assets.xcassets */,
				0A65DD3B2862634300B03691 /* LaunchScreen.storyboard */,
				0A65DD3E2862634300B03691 /* Info.plist */,
				0A27BE3A29B147B40070BF48 /* GoogleService-Info.plist */,
				0A96D27D28F07E7300A1025C /* Controller */,
				0A512104297D4715005565A0 /* Photo */,
			);
			path = Navigation;
			sourceTree = "<group>";
		};
		0A6C4FCF2900558700B11409 /* UserAuto */ = {
			isa = PBXGroup;
			children = (
				0A540A1729BA64CC0071FCC7 /* UserModel.swift */,
				0A6C4FD0290055E400B11409 /* User.swift */,
				0A5120F829793D9C005565A0 /* LoginFactory.swift */,
				0A6C4FD22900565500B11409 /* CurrentUserService.swift */,
				0A6C4FD42900567A00B11409 /* TestUserService.swift */,
				0A5120FA29793F1A005565A0 /* Checker.swift */,
			);
			path = UserAuto;
			sourceTree = "<group>";
		};
		0A7CAA3F298175F600637A7E /* Audio */ = {
			isa = PBXGroup;
			children = (
				0A7CAA5C2981AB9E00637A7E /* Samurajj.mp3 */,
				0A7CAA582981AADF00637A7E /* Marlboro.mp3 */,
				0A7CAA4D298182F100637A7E /* Captain.mp3 */,
				0A7CAA4C298182F000637A7E /* Minor.mp3 */,
				0A7CAA4E298182F100637A7E /* Polovina_moya.mp3 */,
			);
			path = Audio;
			sourceTree = "<group>";
		};
		0A96D27228F07C5A00A1025C /* StorageService */ = {
			isa = PBXGroup;
			children = (
				0ADE5AD528944A9D00DEBC90 /* Post.swift */,
				0A96D27328F07C5A00A1025C /* StorageService.h */,
			);
			path = StorageService;
			sourceTree = "<group>";
		};
		0A96D27D28F07E7300A1025C /* Controller */ = {
			isa = PBXGroup;
			children = (
				0A512105297D4DAD005565A0 /* CustomButton.swift */,
				0A9B500528A8FA10001CF929 /* CustButton.swift */,
				0A21185428B031F30088E94F /* PostTableViewCell.swift */,
				0A512102297D46D2005565A0 /* Post */,
			);
			path = Controller;
			sourceTree = "<group>";
		};
		0ADE5AD7289ACD6800DEBC90 /* Profile */ = {
			isa = PBXGroup;
			children = (
				0AB940322891E5110040932D /* ProfileViewController.swift */,
				0A21185228B02AFF0088E94F /* ProfileTableHeaderView.swift */,
				0ADE5AD8289ACDC200DEBC90 /* ProfileHeaderView.swift */,
				0A9B500328A83D23001CF929 /* LogInViewController.swift */,
				0A7CAA672981C13A00637A7E /* ProfileCoordinator.swift */,
				0A7CAA692981C3F600637A7E /* ProfileViewModel.swift */,
				0A7CAA6B2982503100637A7E /* ProfileOutput.swift */,
				0A7CAA3F298175F600637A7E /* Audio */,
			);
			path = Profile;
			sourceTree = "<group>";
		};
		1B7757AE4B9E98BE33083C83 /* Frameworks */ = {
			isa = PBXGroup;
			children = (
				BE280F7FA50C446819905804 /* Pods_Navigation.framework */,
				CE857F80784FB1C206C34D03 /* Pods_StorageService.framework */,
			);
			name = Frameworks;
			sourceTree = "<group>";
		};
		CFE63D78AA408560564F5488 /* Pods */ = {
			isa = PBXGroup;
			children = (
				9E23AFD969E5C19D2B53B328 /* Pods-Navigation.debug.xcconfig */,
				FBE8FBE21C6D78D0A3F5C917 /* Pods-Navigation.release.xcconfig */,
				B31EF434FEF9073FC89BB1B8 /* Pods-StorageService.debug.xcconfig */,
				B4D9543F9668672CC441EBAC /* Pods-StorageService.release.xcconfig */,
			);
			path = Pods;
			sourceTree = "<group>";
		};
/* End PBXGroup section */

/* Begin PBXHeadersBuildPhase section */
		0A96D26C28F07C5A00A1025C /* Headers */ = {
			isa = PBXHeadersBuildPhase;
			buildActionMask = 2147483647;
			files = (
				0A96D27428F07C5A00A1025C /* StorageService.h in Headers */,
			);
			runOnlyForDeploymentPostprocessing = 0;
		};
/* End PBXHeadersBuildPhase section */

/* Begin PBXNativeTarget section */
		0A65DD2C2862634200B03691 /* Navigation */ = {
			isa = PBXNativeTarget;
			buildConfigurationList = 0A65DD412862634300B03691 /* Build configuration list for PBXNativeTarget "Navigation" */;
			buildPhases = (
				E77AD3FAF063A925F8B1F9B6 /* [CP] Check Pods Manifest.lock */,
				0A65DD292862634200B03691 /* Sources */,
				0A65DD2A2862634200B03691 /* Frameworks */,
				0A65DD2B2862634200B03691 /* Resources */,
				0A96D26628F07BD800A1025C /* Embed Frameworks */,
				5957822149301FEB0B2E9BDD /* [CP] Embed Pods Frameworks */,
			);
			buildRules = (
			);
			dependencies = (
				0A96D27628F07C5A00A1025C /* PBXTargetDependency */,
			);
			name = Navigation;
			packageProductDependencies = (
				0A512100297C5832005565A0 /* iOSIntPackage */,
				0AE6192F29A80E0100B26E27 /* FirebaseAnalytics */,
				0AE6193129A80E0100B26E27 /* FirebaseAnalyticsSwift */,
				0AE6193329A80E0100B26E27 /* FirebaseAppCheck */,
				0AE6193529A80E0100B26E27 /* FirebaseAuth */,
				0AE6193729A80E0100B26E27 /* FirebaseAuthCombine-Community */,
				0A540A1029BA643A0071FCC7 /* RealmCore */,
				0A540A1329BA64770071FCC7 /* Realm */,
				0A540A1529BA64770071FCC7 /* RealmSwift */,
			);
			productName = Navigation;
			productReference = 0A65DD2D2862634200B03691 /* Navigation.app */;
			productType = "com.apple.product-type.application";
		};
		0A96D27028F07C5A00A1025C /* StorageService */ = {
			isa = PBXNativeTarget;
			buildConfigurationList = 0A96D27928F07C5A00A1025C /* Build configuration list for PBXNativeTarget "StorageService" */;
			buildPhases = (
				0DB9719EDC00EF7EAAFAFA95 /* [CP] Check Pods Manifest.lock */,
				0A96D26C28F07C5A00A1025C /* Headers */,
				0A96D26D28F07C5A00A1025C /* Sources */,
				0A96D26E28F07C5A00A1025C /* Frameworks */,
				0A96D26F28F07C5A00A1025C /* Resources */,
			);
			buildRules = (
			);
			dependencies = (
			);
			name = StorageService;
			productName = StorageService;
			productReference = 0A96D27128F07C5A00A1025C /* StorageService.framework */;
			productType = "com.apple.product-type.framework";
		};
/* End PBXNativeTarget section */

/* Begin PBXProject section */
		0A65DD252862634200B03691 /* Project object */ = {
			isa = PBXProject;
			attributes = {
				BuildIndependentTargetsInParallel = 1;
				LastSwiftUpdateCheck = 1400;
				LastUpgradeCheck = 1340;
				TargetAttributes = {
					0A65DD2C2862634200B03691 = {
						CreatedOnToolsVersion = 13.4.1;
					};
					0A96D27028F07C5A00A1025C = {
						CreatedOnToolsVersion = 14.0.1;
					};
				};
			};
			buildConfigurationList = 0A65DD282862634200B03691 /* Build configuration list for PBXProject "Navigation" */;
			compatibilityVersion = "Xcode 13.0";
			developmentRegion = en;
			hasScannedForEncodings = 0;
			knownRegions = (
				en,
				Base,
			);
			mainGroup = 0A65DD242862634200B03691;
			packageReferences = (
				0A5120FF297C5832005565A0 /* XCRemoteSwiftPackageReference "iOSIntPackage" */,
				0AE6192E29A80E0100B26E27 /* XCRemoteSwiftPackageReference "firebase-ios-sdk" */,
				0A540A0F29BA643A0071FCC7 /* XCRemoteSwiftPackageReference "realm-core" */,
				0A540A1229BA64770071FCC7 /* XCRemoteSwiftPackageReference "realm-swift" */,
			);
			productRefGroup = 0A65DD2E2862634200B03691 /* Products */;
			projectDirPath = "";
			projectRoot = "";
			targets = (
				0A65DD2C2862634200B03691 /* Navigation */,
				0A96D27028F07C5A00A1025C /* StorageService */,
			);
		};
/* End PBXProject section */

/* Begin PBXResourcesBuildPhase section */
		0A65DD2B2862634200B03691 /* Resources */ = {
			isa = PBXResourcesBuildPhase;
			buildActionMask = 2147483647;
			files = (
				0A7CAA51298182F100637A7E /* Polovina_moya.mp3 in Resources */,
				0A27BE3B29B147B40070BF48 /* GoogleService-Info.plist in Resources */,
				0A7CAA592981AADF00637A7E /* Marlboro.mp3 in Resources */,
				0A65DD3D2862634300B03691 /* LaunchScreen.storyboard in Resources */,
				0A65DD3A2862634300B03691 /* Assets.xcassets in Resources */,
				0A7CAA5D2981AB9E00637A7E /* Samurajj.mp3 in Resources */,
				0A7CAA50298182F100637A7E /* Captain.mp3 in Resources */,
				0A7CAA4F298182F100637A7E /* Minor.mp3 in Resources */,
			);
			runOnlyForDeploymentPostprocessing = 0;
		};
		0A96D26F28F07C5A00A1025C /* Resources */ = {
			isa = PBXResourcesBuildPhase;
			buildActionMask = 2147483647;
			files = (
				0A27BE3C29B147B40070BF48 /* GoogleService-Info.plist in Resources */,
			);
			runOnlyForDeploymentPostprocessing = 0;
		};
/* End PBXResourcesBuildPhase section */

/* Begin PBXShellScriptBuildPhase section */
		0DB9719EDC00EF7EAAFAFA95 /* [CP] Check Pods Manifest.lock */ = {
			isa = PBXShellScriptBuildPhase;
			buildActionMask = 2147483647;
			files = (
			);
			inputFileListPaths = (
			);
			inputPaths = (
				"${PODS_PODFILE_DIR_PATH}/Podfile.lock",
				"${PODS_ROOT}/Manifest.lock",
			);
			name = "[CP] Check Pods Manifest.lock";
			outputFileListPaths = (
			);
			outputPaths = (
				"$(DERIVED_FILE_DIR)/Pods-StorageService-checkManifestLockResult.txt",
			);
			runOnlyForDeploymentPostprocessing = 0;
			shellPath = /bin/sh;
			shellScript = "diff \"${PODS_PODFILE_DIR_PATH}/Podfile.lock\" \"${PODS_ROOT}/Manifest.lock\" > /dev/null\nif [ $? != 0 ] ; then\n    # print error to STDERR\n    echo \"error: The sandbox is not in sync with the Podfile.lock. Run 'pod install' or update your CocoaPods installation.\" >&2\n    exit 1\nfi\n# This output is used by Xcode 'outputs' to avoid re-running this script phase.\necho \"SUCCESS\" > \"${SCRIPT_OUTPUT_FILE_0}\"\n";
			showEnvVarsInLog = 0;
		};
		5957822149301FEB0B2E9BDD /* [CP] Embed Pods Frameworks */ = {
			isa = PBXShellScriptBuildPhase;
			buildActionMask = 2147483647;
			files = (
			);
			inputFileListPaths = (
				"${PODS_ROOT}/Target Support Files/Pods-Navigation/Pods-Navigation-frameworks-${CONFIGURATION}-input-files.xcfilelist",
			);
			name = "[CP] Embed Pods Frameworks";
			outputFileListPaths = (
				"${PODS_ROOT}/Target Support Files/Pods-Navigation/Pods-Navigation-frameworks-${CONFIGURATION}-output-files.xcfilelist",
			);
			runOnlyForDeploymentPostprocessing = 0;
			shellPath = /bin/sh;
			shellScript = "\"${PODS_ROOT}/Target Support Files/Pods-Navigation/Pods-Navigation-frameworks.sh\"\n";
			showEnvVarsInLog = 0;
		};
		E77AD3FAF063A925F8B1F9B6 /* [CP] Check Pods Manifest.lock */ = {
			isa = PBXShellScriptBuildPhase;
			buildActionMask = 2147483647;
			files = (
			);
			inputFileListPaths = (
			);
			inputPaths = (
				"${PODS_PODFILE_DIR_PATH}/Podfile.lock",
				"${PODS_ROOT}/Manifest.lock",
			);
			name = "[CP] Check Pods Manifest.lock";
			outputFileListPaths = (
			);
			outputPaths = (
				"$(DERIVED_FILE_DIR)/Pods-Navigation-checkManifestLockResult.txt",
			);
			runOnlyForDeploymentPostprocessing = 0;
			shellPath = /bin/sh;
			shellScript = "diff \"${PODS_PODFILE_DIR_PATH}/Podfile.lock\" \"${PODS_ROOT}/Manifest.lock\" > /dev/null\nif [ $? != 0 ] ; then\n    # print error to STDERR\n    echo \"error: The sandbox is not in sync with the Podfile.lock. Run 'pod install' or update your CocoaPods installation.\" >&2\n    exit 1\nfi\n# This output is used by Xcode 'outputs' to avoid re-running this script phase.\necho \"SUCCESS\" > \"${SCRIPT_OUTPUT_FILE_0}\"\n";
			showEnvVarsInLog = 0;
		};
/* End PBXShellScriptBuildPhase section */

/* Begin PBXSourcesBuildPhase section */
		0A65DD292862634200B03691 /* Sources */ = {
			isa = PBXSourcesBuildPhase;
			buildActionMask = 2147483647;
			files = (
				0AB940332891E5110040932D /* ProfileViewController.swift in Sources */,
				0A7CAA642981BE6A00637A7E /* FeedCoordinator.swift in Sources */,
				0AB9402F2891E49E0040932D /* PostViewController.swift in Sources */,
				0A21185528B031F30088E94F /* PostTableViewCell.swift in Sources */,
				0A9B500428A83D23001CF929 /* LogInViewController.swift in Sources */,
				0A713E38299BEF6D00B56386 /* JSON.swift in Sources */,
				0A512108297E7BA4005565A0 /* FeedModel.swift in Sources */,
				0A27BE3929B13D150070BF48 /* PhotosViewModel.swift in Sources */,
				0AB940312891E4F00040932D /* FeedViewController.swift in Sources */,
				0A9B500628A8FA10001CF929 /* CustButton.swift in Sources */,
				0A7CAA5F2981BD6000637A7E /* AppCoordinator.swift in Sources */,
				0A04AB66297FC74C0003877D /* RootCoordinator.swift in Sources */,
				0A65DD312862634200B03691 /* AppDelegate.swift in Sources */,
				0A540A1829BA64CC0071FCC7 /* UserModel.swift in Sources */,
				0A7CAA6A2981C3F600637A7E /* ProfileViewModel.swift in Sources */,
				0A6C4FD1290055E400B11409 /* User.swift in Sources */,
				0A21185728B520710088E94F /* PhotosTableViewCell.swift in Sources */,
				0A21185928B520DA0088E94F /* PhotosViewController.swift in Sources */,
				0A6C4FD32900565500B11409 /* CurrentUserService.swift in Sources */,
				0A6C4FD52900567A00B11409 /* TestUserService.swift in Sources */,
				0AE6192D29A77B7200B26E27 /* CheckerServer.swift in Sources */,
				0ADE5AD428932C8B00DEBC90 /* InfoViewController.swift in Sources */,
				0A21185328B02AFF0088E94F /* ProfileTableHeaderView.swift in Sources */,
				0A7CAA612981BE0E00637A7E /* FeedOutput.swift in Sources */,
				0A713E352994DA4900B56386 /* NetworkManager.swift in Sources */,
				0A5120F929793D9C005565A0 /* LoginFactory.swift in Sources */,
				0A65DD332862634200B03691 /* SceneDelegate.swift in Sources */,
				0A04AB60297FC7200003877D /* Assembly.swift in Sources */,
				0A21185D28B537340088E94F /* AllPhotos.swift in Sources */,
				0A21185B28B5211C0088E94F /* PhotosCollectionViewCell.swift in Sources */,
				0A512106297D4DAD005565A0 /* CustomButton.swift in Sources */,
				0A7CAA6C2982503100637A7E /* ProfileOutput.swift in Sources */,
				0ADE5AD9289ACDC200DEBC90 /* ProfileHeaderView.swift in Sources */,
				0A5120FB29793F1A005565A0 /* Checker.swift in Sources */,
				0A7CAA682981C13A00637A7E /* ProfileCoordinator.swift in Sources */,
				0A21185128AFFC380088E94F /* PostTape.swift in Sources */,
			);
			runOnlyForDeploymentPostprocessing = 0;
		};
		0A96D26D28F07C5A00A1025C /* Sources */ = {
			isa = PBXSourcesBuildPhase;
			buildActionMask = 2147483647;
			files = (
				0A96D27C28F07C6000A1025C /* Post.swift in Sources */,
			);
			runOnlyForDeploymentPostprocessing = 0;
		};
/* End PBXSourcesBuildPhase section */

/* Begin PBXTargetDependency section */
		0A96D27628F07C5A00A1025C /* PBXTargetDependency */ = {
			isa = PBXTargetDependency;
			target = 0A96D27028F07C5A00A1025C /* StorageService */;
			targetProxy = 0A96D27528F07C5A00A1025C /* PBXContainerItemProxy */;
		};
/* End PBXTargetDependency section */

/* Begin PBXVariantGroup section */
		0A65DD3B2862634300B03691 /* LaunchScreen.storyboard */ = {
			isa = PBXVariantGroup;
			children = (
				0A65DD3C2862634300B03691 /* Base */,
			);
			name = LaunchScreen.storyboard;
			sourceTree = "<group>";
		};
/* End PBXVariantGroup section */

/* Begin XCBuildConfiguration section */
		0A65DD3F2862634300B03691 /* Debug */ = {
			isa = XCBuildConfiguration;
			buildSettings = {
				ALWAYS_SEARCH_USER_PATHS = NO;
				CLANG_ANALYZER_NONNULL = YES;
				CLANG_ANALYZER_NUMBER_OBJECT_CONVERSION = YES_AGGRESSIVE;
				CLANG_CXX_LANGUAGE_STANDARD = "gnu++17";
				CLANG_ENABLE_MODULES = YES;
				CLANG_ENABLE_OBJC_ARC = YES;
				CLANG_ENABLE_OBJC_WEAK = YES;
				CLANG_WARN_BLOCK_CAPTURE_AUTORELEASING = YES;
				CLANG_WARN_BOOL_CONVERSION = YES;
				CLANG_WARN_COMMA = YES;
				CLANG_WARN_CONSTANT_CONVERSION = YES;
				CLANG_WARN_DEPRECATED_OBJC_IMPLEMENTATIONS = YES;
				CLANG_WARN_DIRECT_OBJC_ISA_USAGE = YES_ERROR;
				CLANG_WARN_DOCUMENTATION_COMMENTS = YES;
				CLANG_WARN_EMPTY_BODY = YES;
				CLANG_WARN_ENUM_CONVERSION = YES;
				CLANG_WARN_INFINITE_RECURSION = YES;
				CLANG_WARN_INT_CONVERSION = YES;
				CLANG_WARN_NON_LITERAL_NULL_CONVERSION = YES;
				CLANG_WARN_OBJC_IMPLICIT_RETAIN_SELF = YES;
				CLANG_WARN_OBJC_LITERAL_CONVERSION = YES;
				CLANG_WARN_OBJC_ROOT_CLASS = YES_ERROR;
				CLANG_WARN_QUOTED_INCLUDE_IN_FRAMEWORK_HEADER = YES;
				CLANG_WARN_RANGE_LOOP_ANALYSIS = YES;
				CLANG_WARN_STRICT_PROTOTYPES = YES;
				CLANG_WARN_SUSPICIOUS_MOVE = YES;
				CLANG_WARN_UNGUARDED_AVAILABILITY = YES_AGGRESSIVE;
				CLANG_WARN_UNREACHABLE_CODE = YES;
				CLANG_WARN__DUPLICATE_METHOD_MATCH = YES;
				COPY_PHASE_STRIP = NO;
				DEBUG_INFORMATION_FORMAT = dwarf;
				ENABLE_STRICT_OBJC_MSGSEND = YES;
				ENABLE_TESTABILITY = YES;
				GCC_C_LANGUAGE_STANDARD = gnu11;
				GCC_DYNAMIC_NO_PIC = NO;
				GCC_NO_COMMON_BLOCKS = YES;
				GCC_OPTIMIZATION_LEVEL = 0;
				GCC_PREPROCESSOR_DEFINITIONS = (
					"DEBUG=1",
					"$(inherited)",
				);
				GCC_WARN_64_TO_32_BIT_CONVERSION = YES;
				GCC_WARN_ABOUT_RETURN_TYPE = YES_ERROR;
				GCC_WARN_UNDECLARED_SELECTOR = YES;
				GCC_WARN_UNINITIALIZED_AUTOS = YES_AGGRESSIVE;
				GCC_WARN_UNUSED_FUNCTION = YES;
				GCC_WARN_UNUSED_VARIABLE = YES;
				IPHONEOS_DEPLOYMENT_TARGET = 16.0;
				MTL_ENABLE_DEBUG_INFO = INCLUDE_SOURCE;
				MTL_FAST_MATH = YES;
				ONLY_ACTIVE_ARCH = YES;
				SDKROOT = iphoneos;
				SWIFT_ACTIVE_COMPILATION_CONDITIONS = DEBUG;
				SWIFT_OPTIMIZATION_LEVEL = "-Onone";
			};
			name = Debug;
		};
		0A65DD402862634300B03691 /* Release */ = {
			isa = XCBuildConfiguration;
			buildSettings = {
				ALWAYS_SEARCH_USER_PATHS = NO;
				CLANG_ANALYZER_NONNULL = YES;
				CLANG_ANALYZER_NUMBER_OBJECT_CONVERSION = YES_AGGRESSIVE;
				CLANG_CXX_LANGUAGE_STANDARD = "gnu++17";
				CLANG_ENABLE_MODULES = YES;
				CLANG_ENABLE_OBJC_ARC = YES;
				CLANG_ENABLE_OBJC_WEAK = YES;
				CLANG_WARN_BLOCK_CAPTURE_AUTORELEASING = YES;
				CLANG_WARN_BOOL_CONVERSION = YES;
				CLANG_WARN_COMMA = YES;
				CLANG_WARN_CONSTANT_CONVERSION = YES;
				CLANG_WARN_DEPRECATED_OBJC_IMPLEMENTATIONS = YES;
				CLANG_WARN_DIRECT_OBJC_ISA_USAGE = YES_ERROR;
				CLANG_WARN_DOCUMENTATION_COMMENTS = YES;
				CLANG_WARN_EMPTY_BODY = YES;
				CLANG_WARN_ENUM_CONVERSION = YES;
				CLANG_WARN_INFINITE_RECURSION = YES;
				CLANG_WARN_INT_CONVERSION = YES;
				CLANG_WARN_NON_LITERAL_NULL_CONVERSION = YES;
				CLANG_WARN_OBJC_IMPLICIT_RETAIN_SELF = YES;
				CLANG_WARN_OBJC_LITERAL_CONVERSION = YES;
				CLANG_WARN_OBJC_ROOT_CLASS = YES_ERROR;
				CLANG_WARN_QUOTED_INCLUDE_IN_FRAMEWORK_HEADER = YES;
				CLANG_WARN_RANGE_LOOP_ANALYSIS = YES;
				CLANG_WARN_STRICT_PROTOTYPES = YES;
				CLANG_WARN_SUSPICIOUS_MOVE = YES;
				CLANG_WARN_UNGUARDED_AVAILABILITY = YES_AGGRESSIVE;
				CLANG_WARN_UNREACHABLE_CODE = YES;
				CLANG_WARN__DUPLICATE_METHOD_MATCH = YES;
				COPY_PHASE_STRIP = NO;
				DEBUG_INFORMATION_FORMAT = "dwarf-with-dsym";
				ENABLE_NS_ASSERTIONS = NO;
				ENABLE_STRICT_OBJC_MSGSEND = YES;
				GCC_C_LANGUAGE_STANDARD = gnu11;
				GCC_NO_COMMON_BLOCKS = YES;
				GCC_WARN_64_TO_32_BIT_CONVERSION = YES;
				GCC_WARN_ABOUT_RETURN_TYPE = YES_ERROR;
				GCC_WARN_UNDECLARED_SELECTOR = YES;
				GCC_WARN_UNINITIALIZED_AUTOS = YES_AGGRESSIVE;
				GCC_WARN_UNUSED_FUNCTION = YES;
				GCC_WARN_UNUSED_VARIABLE = YES;
				IPHONEOS_DEPLOYMENT_TARGET = 16.0;
				MTL_ENABLE_DEBUG_INFO = NO;
				MTL_FAST_MATH = YES;
				SDKROOT = iphoneos;
				SWIFT_COMPILATION_MODE = wholemodule;
				SWIFT_OPTIMIZATION_LEVEL = "-O";
				VALIDATE_PRODUCT = YES;
			};
			name = Release;
		};
		0A65DD422862634300B03691 /* Debug */ = {
			isa = XCBuildConfiguration;
			baseConfigurationReference = 9E23AFD969E5C19D2B53B328 /* Pods-Navigation.debug.xcconfig */;
			buildSettings = {
				ALWAYS_EMBED_SWIFT_STANDARD_LIBRARIES = YES;
				ASSETCATALOG_COMPILER_APPICON_NAME = AppIcon;
				ASSETCATALOG_COMPILER_GLOBAL_ACCENT_COLOR_NAME = AccentColor;
				CODE_SIGN_STYLE = Automatic;
				CURRENT_PROJECT_VERSION = 3;
				DEVELOPMENT_TEAM = VUB6J5C765;
				GENERATE_INFOPLIST_FILE = YES;
				INFOPLIST_FILE = Navigation/Info.plist;
				INFOPLIST_KEY_UIApplicationSupportsIndirectInputEvents = YES;
				INFOPLIST_KEY_UILaunchStoryboardName = LaunchScreen;
				INFOPLIST_KEY_UISupportedInterfaceOrientations_iPad = "UIInterfaceOrientationPortrait UIInterfaceOrientationPortraitUpsideDown UIInterfaceOrientationLandscapeLeft UIInterfaceOrientationLandscapeRight";
				INFOPLIST_KEY_UISupportedInterfaceOrientations_iPhone = "UIInterfaceOrientationPortrait UIInterfaceOrientationLandscapeLeft UIInterfaceOrientationLandscapeRight";
				IPHONEOS_DEPLOYMENT_TARGET = 16.0;
				LD_RUNPATH_SEARCH_PATHS = (
					"$(inherited)",
					"@executable_path/Frameworks",
				);
				MARKETING_VERSION = 1.0;
				PRODUCT_BUNDLE_IDENTIFIER = "Yalynytchev-IOS22.Navigation";
				PRODUCT_NAME = "$(TARGET_NAME)";
				SUPPORTED_PLATFORMS = "iphoneos iphonesimulator";
				SUPPORTS_MACCATALYST = NO;
				SUPPORTS_MAC_DESIGNED_FOR_IPHONE_IPAD = NO;
				SWIFT_EMIT_LOC_STRINGS = YES;
				SWIFT_VERSION = 5.0;
				TARGETED_DEVICE_FAMILY = "1,2";
			};
			name = Debug;
		};
		0A65DD432862634300B03691 /* Release */ = {
			isa = XCBuildConfiguration;
			baseConfigurationReference = FBE8FBE21C6D78D0A3F5C917 /* Pods-Navigation.release.xcconfig */;
			buildSettings = {
				ALWAYS_EMBED_SWIFT_STANDARD_LIBRARIES = YES;
				ASSETCATALOG_COMPILER_APPICON_NAME = AppIcon;
				ASSETCATALOG_COMPILER_GLOBAL_ACCENT_COLOR_NAME = AccentColor;
				CODE_SIGN_ENTITLEMENTS = Navigation/NavigationRelease.entitlements;
				CODE_SIGN_STYLE = Automatic;
				CURRENT_PROJECT_VERSION = 3;
				DEVELOPMENT_TEAM = VUB6J5C765;
				GENERATE_INFOPLIST_FILE = YES;
				INFOPLIST_FILE = Navigation/Info.plist;
				INFOPLIST_KEY_UIApplicationSupportsIndirectInputEvents = YES;
				INFOPLIST_KEY_UILaunchStoryboardName = LaunchScreen;
				INFOPLIST_KEY_UISupportedInterfaceOrientations_iPad = "UIInterfaceOrientationPortrait UIInterfaceOrientationPortraitUpsideDown UIInterfaceOrientationLandscapeLeft UIInterfaceOrientationLandscapeRight";
				INFOPLIST_KEY_UISupportedInterfaceOrientations_iPhone = "UIInterfaceOrientationPortrait UIInterfaceOrientationLandscapeLeft UIInterfaceOrientationLandscapeRight";
				IPHONEOS_DEPLOYMENT_TARGET = 16.0;
				LD_RUNPATH_SEARCH_PATHS = (
					"$(inherited)",
					"@executable_path/Frameworks",
				);
				MARKETING_VERSION = 1.0;
				PRODUCT_BUNDLE_IDENTIFIER = "Yalynytchev-IOS22.Navigation";
				PRODUCT_NAME = "$(TARGET_NAME)";
				SUPPORTED_PLATFORMS = "iphoneos iphonesimulator";
				SUPPORTS_MACCATALYST = NO;
				SUPPORTS_MAC_DESIGNED_FOR_IPHONE_IPAD = NO;
				SWIFT_EMIT_LOC_STRINGS = YES;
				SWIFT_VERSION = 5.0;
				TARGETED_DEVICE_FAMILY = "1,2";
			};
			name = Release;
		};
		0A96D27A28F07C5A00A1025C /* Debug */ = {
			isa = XCBuildConfiguration;
			baseConfigurationReference = B31EF434FEF9073FC89BB1B8 /* Pods-StorageService.debug.xcconfig */;
			buildSettings = {
				CLANG_CXX_LANGUAGE_STANDARD = "gnu++20";
				CODE_SIGN_STYLE = Automatic;
				CURRENT_PROJECT_VERSION = 1;
				DEFINES_MODULE = YES;
				DEVELOPMENT_TEAM = VUB6J5C765;
				DYLIB_COMPATIBILITY_VERSION = 1;
				DYLIB_CURRENT_VERSION = 1;
				DYLIB_INSTALL_NAME_BASE = "@rpath";
				GENERATE_INFOPLIST_FILE = YES;
				INFOPLIST_KEY_NSHumanReadableCopyright = "";
				INSTALL_PATH = "$(LOCAL_LIBRARY_DIR)/Frameworks";
				IPHONEOS_DEPLOYMENT_TARGET = 16.0;
				LD_RUNPATH_SEARCH_PATHS = (
					"$(inherited)",
					"@executable_path/Frameworks",
					"@loader_path/Frameworks",
				);
				MARKETING_VERSION = 1.0;
				PRODUCT_BUNDLE_IDENTIFIER = "Yalynytchev-IOS22.StorageService";
				PRODUCT_NAME = "$(TARGET_NAME:c99extidentifier)";
				SKIP_INSTALL = YES;
				SWIFT_EMIT_LOC_STRINGS = YES;
				SWIFT_VERSION = 5.0;
				TARGETED_DEVICE_FAMILY = "1,2";
				VERSIONING_SYSTEM = "apple-generic";
				VERSION_INFO_PREFIX = "";
			};
			name = Debug;
		};
		0A96D27B28F07C5A00A1025C /* Release */ = {
			isa = XCBuildConfiguration;
			baseConfigurationReference = B4D9543F9668672CC441EBAC /* Pods-StorageService.release.xcconfig */;
			buildSettings = {
				CLANG_CXX_LANGUAGE_STANDARD = "gnu++20";
				CODE_SIGN_STYLE = Automatic;
				CURRENT_PROJECT_VERSION = 1;
				DEFINES_MODULE = YES;
				DEVELOPMENT_TEAM = VUB6J5C765;
				DYLIB_COMPATIBILITY_VERSION = 1;
				DYLIB_CURRENT_VERSION = 1;
				DYLIB_INSTALL_NAME_BASE = "@rpath";
				GENERATE_INFOPLIST_FILE = YES;
				INFOPLIST_KEY_NSHumanReadableCopyright = "";
				INSTALL_PATH = "$(LOCAL_LIBRARY_DIR)/Frameworks";
				IPHONEOS_DEPLOYMENT_TARGET = 16.0;
				LD_RUNPATH_SEARCH_PATHS = (
					"$(inherited)",
					"@executable_path/Frameworks",
					"@loader_path/Frameworks",
				);
				MARKETING_VERSION = 1.0;
				PRODUCT_BUNDLE_IDENTIFIER = "Yalynytchev-IOS22.StorageService";
				PRODUCT_NAME = "$(TARGET_NAME:c99extidentifier)";
				SKIP_INSTALL = YES;
				SWIFT_EMIT_LOC_STRINGS = YES;
				SWIFT_VERSION = 5.0;
				TARGETED_DEVICE_FAMILY = "1,2";
				VERSIONING_SYSTEM = "apple-generic";
				VERSION_INFO_PREFIX = "";
			};
			name = Release;
		};
/* End XCBuildConfiguration section */

/* Begin XCConfigurationList section */
		0A65DD282862634200B03691 /* Build configuration list for PBXProject "Navigation" */ = {
			isa = XCConfigurationList;
			buildConfigurations = (
				0A65DD3F2862634300B03691 /* Debug */,
				0A65DD402862634300B03691 /* Release */,
			);
			defaultConfigurationIsVisible = 0;
			defaultConfigurationName = Release;
		};
		0A65DD412862634300B03691 /* Build configuration list for PBXNativeTarget "Navigation" */ = {
			isa = XCConfigurationList;
			buildConfigurations = (
				0A65DD422862634300B03691 /* Debug */,
				0A65DD432862634300B03691 /* Release */,
			);
			defaultConfigurationIsVisible = 0;
			defaultConfigurationName = Release;
		};
		0A96D27928F07C5A00A1025C /* Build configuration list for PBXNativeTarget "StorageService" */ = {
			isa = XCConfigurationList;
			buildConfigurations = (
				0A96D27A28F07C5A00A1025C /* Debug */,
				0A96D27B28F07C5A00A1025C /* Release */,
			);
			defaultConfigurationIsVisible = 0;
			defaultConfigurationName = Release;
		};
/* End XCConfigurationList section */

/* Begin XCRemoteSwiftPackageReference section */
		0A5120FF297C5832005565A0 /* XCRemoteSwiftPackageReference "iOSIntPackage" */ = {
			isa = XCRemoteSwiftPackageReference;
			repositoryURL = "https://github.com/TrueMax/iOSIntPackage";
			requirement = {
				branch = imagepublisher;
				kind = branch;
			};
		};
		0A540A0F29BA643A0071FCC7 /* XCRemoteSwiftPackageReference "realm-core" */ = {
			isa = XCRemoteSwiftPackageReference;
			repositoryURL = "https://github.com/realm/realm-core";
			requirement = {
				kind = upToNextMajorVersion;
				minimumVersion = 12.11.0;
			};
		};
		0A540A1229BA64770071FCC7 /* XCRemoteSwiftPackageReference "realm-swift" */ = {
			isa = XCRemoteSwiftPackageReference;
			repositoryURL = "https://github.com/realm/realm-swift.git";
			requirement = {
				kind = upToNextMajorVersion;
				minimumVersion = 10.32.2;
			};
		};
		0AE6192E29A80E0100B26E27 /* XCRemoteSwiftPackageReference "firebase-ios-sdk" */ = {
			isa = XCRemoteSwiftPackageReference;
			repositoryURL = "https://github.com/firebase/firebase-ios-sdk";
			requirement = {
				kind = upToNextMajorVersion;
				minimumVersion = 9.0.0;
			};
		};
/* End XCRemoteSwiftPackageReference section */

/* Begin XCSwiftPackageProductDependency section */
		0A512100297C5832005565A0 /* iOSIntPackage */ = {
			isa = XCSwiftPackageProductDependency;
			package = 0A5120FF297C5832005565A0 /* XCRemoteSwiftPackageReference "iOSIntPackage" */;
			productName = iOSIntPackage;
		};
		0A540A1029BA643A0071FCC7 /* RealmCore */ = {
			isa = XCSwiftPackageProductDependency;
			package = 0A540A0F29BA643A0071FCC7 /* XCRemoteSwiftPackageReference "realm-core" */;
			productName = RealmCore;
		};
		0A540A1329BA64770071FCC7 /* Realm */ = {
			isa = XCSwiftPackageProductDependency;
			package = 0A540A1229BA64770071FCC7 /* XCRemoteSwiftPackageReference "realm-swift" */;
			productName = Realm;
		};
		0A540A1529BA64770071FCC7 /* RealmSwift */ = {
			isa = XCSwiftPackageProductDependency;
			package = 0A540A1229BA64770071FCC7 /* XCRemoteSwiftPackageReference "realm-swift" */;
			productName = RealmSwift;
		};
		0AE6192F29A80E0100B26E27 /* FirebaseAnalytics */ = {
			isa = XCSwiftPackageProductDependency;
			package = 0AE6192E29A80E0100B26E27 /* XCRemoteSwiftPackageReference "firebase-ios-sdk" */;
			productName = FirebaseAnalytics;
		};
		0AE6193129A80E0100B26E27 /* FirebaseAnalyticsSwift */ = {
			isa = XCSwiftPackageProductDependency;
			package = 0AE6192E29A80E0100B26E27 /* XCRemoteSwiftPackageReference "firebase-ios-sdk" */;
			productName = FirebaseAnalyticsSwift;
		};
		0AE6193329A80E0100B26E27 /* FirebaseAppCheck */ = {
			isa = XCSwiftPackageProductDependency;
			package = 0AE6192E29A80E0100B26E27 /* XCRemoteSwiftPackageReference "firebase-ios-sdk" */;
			productName = FirebaseAppCheck;
		};
		0AE6193529A80E0100B26E27 /* FirebaseAuth */ = {
			isa = XCSwiftPackageProductDependency;
			package = 0AE6192E29A80E0100B26E27 /* XCRemoteSwiftPackageReference "firebase-ios-sdk" */;
			productName = FirebaseAuth;
		};
		0AE6193729A80E0100B26E27 /* FirebaseAuthCombine-Community */ = {
			isa = XCSwiftPackageProductDependency;
			package = 0AE6192E29A80E0100B26E27 /* XCRemoteSwiftPackageReference "firebase-ios-sdk" */;
			productName = "FirebaseAuthCombine-Community";
		};
/* End XCSwiftPackageProductDependency section */
	};
	rootObject = 0A65DD252862634200B03691 /* Project object */;
}
